
Microsoft Visual Studio Solution File, Format Version 12.00
# Visual Studio Version 16
VisualStudioVersion = 16.0.31729.503
MinimumVisualStudioVersion = 10.0.40219.1
Project("{FAE04EC0-301F-11D3-BF4B-00C04F79EFBC}") = "Arac-Satin-Alimi", "Arac-Satin-Alimi\Arac-Satin-Alimi.csproj", "{E9695FA9-670A-4360-8F7F-33589FE2A853}"
EndProject
Global
	GlobalSection(SolutionConfigurationPlatforms) = preSolution
		Debug|Any CPU = Debug|Any CPU
		Release|Any CPU = Release|Any CPU
	EndGlobalSection
	GlobalSection(ProjectConfigurationPlatforms) = postSolution
		{E9695FA9-670A-4360-8F7F-33589FE2A853}.Debug|Any CPU.ActiveCfg = Debug|Any CPU
		{E9695FA9-670A-4360-8F7F-33589FE2A853}.Debug|Any CPU.Build.0 = Debug|Any CPU
		{E9695FA9-670A-4360-8F7F-33589FE2A853}.Release|Any CPU.ActiveCfg = Release|Any CPU
		{E9695FA9-670A-4360-8F7F-33589FE2A853}.Release|Any CPU.Build.0 = Release|Any CPU
	EndGlobalSection
	GlobalSection(SolutionProperties) = preSolution
		HideSolutionNode = FALSE
	EndGlobalSection
	GlobalSection(ExtensibilityGlobals) = postSolution
		SolutionGuid = {117D032F-2441-4B68-97E6-BE94C7F4763E}
	EndGlobalSection
EndGlobal
